// !$*UTF8*$!
{
	archiveVersion = 1;
	classes = {
	};
	objectVersion = 50;
	objects = {

/* Begin PBXBuildFile section */
		CF2E578325117D65007CF364 /* UpdateDetail.swift in Sources */ = {isa = PBXBuildFile; fileRef = CF2E578225117D65007CF364 /* UpdateDetail.swift */; };
		CF45A2F82510531900DD11EC /* DesignCode_TutorialApp.swift in Sources */ = {isa = PBXBuildFile; fileRef = CF45A2F72510531900DD11EC /* DesignCode_TutorialApp.swift */; };
		CF45A2FA2510531900DD11EC /* ContentView.swift in Sources */ = {isa = PBXBuildFile; fileRef = CF45A2F92510531900DD11EC /* ContentView.swift */; };
		CF45A2FC2510531B00DD11EC /* Assets.xcassets in Resources */ = {isa = PBXBuildFile; fileRef = CF45A2FB2510531B00DD11EC /* Assets.xcassets */; };
		CF45A2FF2510531B00DD11EC /* Preview Assets.xcassets in Resources */ = {isa = PBXBuildFile; fileRef = CF45A2FE2510531B00DD11EC /* Preview Assets.xcassets */; };
		CF45A3072510759100DD11EC /* MenuView.swift in Sources */ = {isa = PBXBuildFile; fileRef = CF45A3062510759100DD11EC /* MenuView.swift */; };
		CF45A30925107BFA00DD11EC /* Home.swift in Sources */ = {isa = PBXBuildFile; fileRef = CF45A30825107BFA00DD11EC /* Home.swift */; };
		CF45A30B251081AA00DD11EC /* HomeView.swift in Sources */ = {isa = PBXBuildFile; fileRef = CF45A30A251081AA00DD11EC /* HomeView.swift */; };
		CF578B4B251F00D7003F6D39 /* UpdateStore.swift in Sources */ = {isa = PBXBuildFile; fileRef = CF578B4A251F00D7003F6D39 /* UpdateStore.swift */; };
		CF578B4E251F019D003F6D39 /* TabBar.swift in Sources */ = {isa = PBXBuildFile; fileRef = CF578B4D251F019D003F6D39 /* TabBar.swift */; };
		CFAF7BB32511760200C064AF /* UpdateList.swift in Sources */ = {isa = PBXBuildFile; fileRef = CFAF7BB22511760200C064AF /* UpdateList.swift */; };
/* End PBXBuildFile section */

/* Begin PBXFileReference section */
		CF2E578225117D65007CF364 /* UpdateDetail.swift */ = {isa = PBXFileReference; lastKnownFileType = sourcecode.swift; path = UpdateDetail.swift; sourceTree = "<group>"; };
		CF45A2F42510531900DD11EC /* DesignCode Tutorial.app */ = {isa = PBXFileReference; explicitFileType = wrapper.application; includeInIndex = 0; path = "DesignCode Tutorial.app"; sourceTree = BUILT_PRODUCTS_DIR; };
		CF45A2F72510531900DD11EC /* DesignCode_TutorialApp.swift */ = {isa = PBXFileReference; lastKnownFileType = sourcecode.swift; path = DesignCode_TutorialApp.swift; sourceTree = "<group>"; };
		CF45A2F92510531900DD11EC /* ContentView.swift */ = {isa = PBXFileReference; lastKnownFileType = sourcecode.swift; path = ContentView.swift; sourceTree = "<group>"; };
		CF45A2FB2510531B00DD11EC /* Assets.xcassets */ = {isa = PBXFileReference; lastKnownFileType = folder.assetcatalog; path = Assets.xcassets; sourceTree = "<group>"; };
		CF45A2FE2510531B00DD11EC /* Preview Assets.xcassets */ = {isa = PBXFileReference; lastKnownFileType = folder.assetcatalog; path = "Preview Assets.xcassets"; sourceTree = "<group>"; };
		CF45A3002510531B00DD11EC /* Info.plist */ = {isa = PBXFileReference; lastKnownFileType = text.plist.xml; path = Info.plist; sourceTree = "<group>"; };
		CF45A3062510759100DD11EC /* MenuView.swift */ = {isa = PBXFileReference; lastKnownFileType = sourcecode.swift; path = MenuView.swift; sourceTree = "<group>"; };
		CF45A30825107BFA00DD11EC /* Home.swift */ = {isa = PBXFileReference; lastKnownFileType = sourcecode.swift; path = Home.swift; sourceTree = "<group>"; };
		CF45A30A251081AA00DD11EC /* HomeView.swift */ = {isa = PBXFileReference; lastKnownFileType = sourcecode.swift; path = HomeView.swift; sourceTree = "<group>"; };
		CF578B4A251F00D7003F6D39 /* UpdateStore.swift */ = {isa = PBXFileReference; lastKnownFileType = sourcecode.swift; path = UpdateStore.swift; sourceTree = "<group>"; };
		CF578B4D251F019D003F6D39 /* TabBar.swift */ = {isa = PBXFileReference; lastKnownFileType = sourcecode.swift; path = TabBar.swift; sourceTree = "<group>"; };
		CFAF7BB22511760200C064AF /* UpdateList.swift */ = {isa = PBXFileReference; lastKnownFileType = sourcecode.swift; path = UpdateList.swift; sourceTree = "<group>"; };
/* End PBXFileReference section */

/* Begin PBXFrameworksBuildPhase section */
		CF45A2F12510531900DD11EC /* Frameworks */ = {
			isa = PBXFrameworksBuildPhase;
			buildActionMask = 2147483647;
			files = (
			);
			runOnlyForDeploymentPostprocessing = 0;
		};
/* End PBXFrameworksBuildPhase section */

/* Begin PBXGroup section */
		CF45A2EB2510531900DD11EC = {
			isa = PBXGroup;
			children = (
				CF45A2F62510531900DD11EC /* DesignCode Tutorial */,
				CF45A2F52510531900DD11EC /* Products */,
			);
			sourceTree = "<group>";
		};
		CF45A2F52510531900DD11EC /* Products */ = {
			isa = PBXGroup;
			children = (
				CF45A2F42510531900DD11EC /* DesignCode Tutorial.app */,
			);
			name = Products;
			sourceTree = "<group>";
		};
		CF45A2F62510531900DD11EC /* DesignCode Tutorial */ = {
			isa = PBXGroup;
			children = (
				CF45A2F72510531900DD11EC /* DesignCode_TutorialApp.swift */,
				CF45A2F92510531900DD11EC /* ContentView.swift */,
				CF45A3062510759100DD11EC /* MenuView.swift */,
				CF45A30825107BFA00DD11EC /* Home.swift */,
				CF45A30A251081AA00DD11EC /* HomeView.swift */,
				CF578B4D251F019D003F6D39 /* TabBar.swift */,
				CFAF7BB22511760200C064AF /* UpdateList.swift */,
				CF578B4A251F00D7003F6D39 /* UpdateStore.swift */,
				CF2E578225117D65007CF364 /* UpdateDetail.swift */,
				CF45A2FB2510531B00DD11EC /* Assets.xcassets */,
				CF45A3002510531B00DD11EC /* Info.plist */,
				CF45A2FD2510531B00DD11EC /* Preview Content */,
			);
			path = "DesignCode Tutorial";
			sourceTree = "<group>";
		};
		CF45A2FD2510531B00DD11EC /* Preview Content */ = {
			isa = PBXGroup;
			children = (
				CF45A2FE2510531B00DD11EC /* Preview Assets.xcassets */,
			);
			path = "Preview Content";
			sourceTree = "<group>";
		};
/* End PBXGroup section */

/* Begin PBXNativeTarget section */
		CF45A2F32510531900DD11EC /* DesignCode Tutorial */ = {
			isa = PBXNativeTarget;
			buildConfigurationList = CF45A3032510531B00DD11EC /* Build configuration list for PBXNativeTarget "DesignCode Tutorial" */;
			buildPhases = (
				CF45A2F02510531900DD11EC /* Sources */,
				CF45A2F12510531900DD11EC /* Frameworks */,
				CF45A2F22510531900DD11EC /* Resources */,
			);
			buildRules = (
			);
			dependencies = (
			);
			name = "DesignCode Tutorial";
			productName = "DesignCode Tutorial";
			productReference = CF45A2F42510531900DD11EC /* DesignCode Tutorial.app */;
			productType = "com.apple.product-type.application";
		};
/* End PBXNativeTarget section */

/* Begin PBXProject section */
		CF45A2EC2510531900DD11EC /* Project object */ = {
			isa = PBXProject;
			attributes = {
				LastSwiftUpdateCheck = 1200;
				LastUpgradeCheck = 1200;
				TargetAttributes = {
					CF45A2F32510531900DD11EC = {
						CreatedOnToolsVersion = 12.0;
					};
				};
			};
			buildConfigurationList = CF45A2EF2510531900DD11EC /* Build configuration list for PBXProject "DesignCode Tutorial" */;
			compatibilityVersion = "Xcode 9.3";
			developmentRegion = en;
			hasScannedForEncodings = 0;
			knownRegions = (
				en,
				Base,
			);
			mainGroup = CF45A2EB2510531900DD11EC;
			productRefGroup = CF45A2F52510531900DD11EC /* Products */;
			projectDirPath = "";
			projectRoot = "";
			targets = (
				CF45A2F32510531900DD11EC /* DesignCode Tutorial */,
			);
		};
/* End PBXProject section */

/* Begin PBXResourcesBuildPhase section */
		CF45A2F22510531900DD11EC /* Resources */ = {
			isa = PBXResourcesBuildPhase;
			buildActionMask = 2147483647;
			files = (
				CF45A2FF2510531B00DD11EC /* Preview Assets.xcassets in Resources */,
				CF45A2FC2510531B00DD11EC /* Assets.xcassets in Resources */,
			);
			runOnlyForDeploymentPostprocessing = 0;
		};
/* End PBXResourcesBuildPhase section */

/* Begin PBXSourcesBuildPhase section */
		CF45A2F02510531900DD11EC /* Sources */ = {
			isa = PBXSourcesBuildPhase;
			buildActionMask = 2147483647;
			files = (
				CF578B4E251F019D003F6D39 /* TabBar.swift in Sources */,
				CF2E578325117D65007CF364 /* UpdateDetail.swift in Sources */,
				CF45A2FA2510531900DD11EC /* ContentView.swift in Sources */,
				CF45A3072510759100DD11EC /* MenuView.swift in Sources */,
				CFAF7BB32511760200C064AF /* UpdateList.swift in Sources */,
				CF578B4B251F00D7003F6D39 /* UpdateStore.swift in Sources */,
				CF45A30925107BFA00DD11EC /* Home.swift in Sources */,
				CF45A30B251081AA00DD11EC /* HomeView.swift in Sources */,
				CF45A2F82510531900DD11EC /* DesignCode_TutorialApp.swift in Sources */,
			);
			runOnlyForDeploymentPostprocessing = 0;
		};
/* End PBXSourcesBuildPhase section */

/* Begin XCBuildConfiguration section */
		CF45A3012510531B00DD11EC /* Debug */ = {
			isa = XCBuildConfiguration;
			buildSettings = {
				ALWAYS_SEARCH_USER_PATHS = NO;
				CLANG_ANALYZER_NONNULL = YES;
				CLANG_ANALYZER_NUMBER_OBJECT_CONVERSION = YES_AGGRESSIVE;
				CLANG_CXX_LANGUAGE_STANDARD = "gnu++14";
				CLANG_CXX_LIBRARY = "libc++";
				CLANG_ENABLE_MODULES = YES;
				CLANG_ENABLE_OBJC_ARC = YES;
				CLANG_ENABLE_OBJC_WEAK = YES;
				CLANG_WARN_BLOCK_CAPTURE_AUTORELEASING = YES;
				CLANG_WARN_BOOL_CONVERSION = YES;
				CLANG_WARN_COMMA = YES;
				CLANG_WARN_CONSTANT_CONVERSION = YES;
				CLANG_WARN_DEPRECATED_OBJC_IMPLEMENTATIONS = YES;
				CLANG_WARN_DIRECT_OBJC_ISA_USAGE = YES_ERROR;
				CLANG_WARN_DOCUMENTATION_COMMENTS = YES;
				CLANG_WARN_EMPTY_BODY = YES;
				CLANG_WARN_ENUM_CONVERSION = YES;
				CLANG_WARN_INFINITE_RECURSION = YES;
				CLANG_WARN_INT_CONVERSION = YES;
				CLANG_WARN_NON_LITERAL_NULL_CONVERSION = YES;
				CLANG_WARN_OBJC_IMPLICIT_RETAIN_SELF = YES;
				CLANG_WARN_OBJC_LITERAL_CONVERSION = YES;
				CLANG_WARN_OBJC_ROOT_CLASS = YES_ERROR;
				CLANG_WARN_QUOTED_INCLUDE_IN_FRAMEWORK_HEADER = YES;
				CLANG_WARN_RANGE_LOOP_ANALYSIS = YES;
				CLANG_WARN_STRICT_PROTOTYPES = YES;
				CLANG_WARN_SUSPICIOUS_MOVE = YES;
				CLANG_WARN_UNGUARDED_AVAILABILITY = YES_AGGRESSIVE;
				CLANG_WARN_UNREACHABLE_CODE = YES;
				CLANG_WARN__DUPLICATE_METHOD_MATCH = YES;
				COPY_PHASE_STRIP = NO;
				DEBUG_INFORMATION_FORMAT = dwarf;
				ENABLE_STRICT_OBJC_MSGSEND = YES;
				ENABLE_TESTABILITY = YES;
				GCC_C_LANGUAGE_STANDARD = gnu11;
				GCC_DYNAMIC_NO_PIC = NO;
				GCC_NO_COMMON_BLOCKS = YES;
				GCC_OPTIMIZATION_LEVEL = 0;
				GCC_PREPROCESSOR_DEFINITIONS = (
					"DEBUG=1",
					"$(inherited)",
				);
				GCC_WARN_64_TO_32_BIT_CONVERSION = YES;
				GCC_WARN_ABOUT_RETURN_TYPE = YES_ERROR;
				GCC_WARN_UNDECLARED_SELECTOR = YES;
				GCC_WARN_UNINITIALIZED_AUTOS = YES_AGGRESSIVE;
				GCC_WARN_UNUSED_FUNCTION = YES;
				GCC_WARN_UNUSED_VARIABLE = YES;
				IPHONEOS_DEPLOYMENT_TARGET = 14.0;
				MTL_ENABLE_DEBUG_INFO = INCLUDE_SOURCE;
				MTL_FAST_MATH = YES;
				ONLY_ACTIVE_ARCH = YES;
				SDKROOT = iphoneos;
				SWIFT_ACTIVE_COMPILATION_CONDITIONS = DEBUG;
				SWIFT_OPTIMIZATION_LEVEL = "-Onone";
			};
			name = Debug;
		};
		CF45A3022510531B00DD11EC /* Release */ = {
			isa = XCBuildConfiguration;
			buildSettings = {
				ALWAYS_SEARCH_USER_PATHS = NO;
				CLANG_ANALYZER_NONNULL = YES;
				CLANG_ANALYZER_NUMBER_OBJECT_CONVERSION = YES_AGGRESSIVE;
				CLANG_CXX_LANGUAGE_STANDARD = "gnu++14";
				CLANG_CXX_LIBRARY = "libc++";
				CLANG_ENABLE_MODULES = YES;
				CLANG_ENABLE_OBJC_ARC = YES;
				CLANG_ENABLE_OBJC_WEAK = YES;
				CLANG_WARN_BLOCK_CAPTURE_AUTORELEASING = YES;
				CLANG_WARN_BOOL_CONVERSION = YES;
				CLANG_WARN_COMMA = YES;
				CLANG_WARN_CONSTANT_CONVERSION = YES;
				CLANG_WARN_DEPRECATED_OBJC_IMPLEMENTATIONS = YES;
				CLANG_WARN_DIRECT_OBJC_ISA_USAGE = YES_ERROR;
				CLANG_WARN_DOCUMENTATION_COMMENTS = YES;
				CLANG_WARN_EMPTY_BODY = YES;
				CLANG_WARN_ENUM_CONVERSION = YES;
				CLANG_WARN_INFINITE_RECURSION = YES;
				CLANG_WARN_INT_CONVERSION = YES;
				CLANG_WARN_NON_LITERAL_NULL_CONVERSION = YES;
				CLANG_WARN_OBJC_IMPLICIT_RETAIN_SELF = YES;
				CLANG_WARN_OBJC_LITERAL_CONVERSION = YES;
				CLANG_WARN_OBJC_ROOT_CLASS = YES_ERROR;
				CLANG_WARN_QUOTED_INCLUDE_IN_FRAMEWORK_HEADER = YES;
				CLANG_WARN_RANGE_LOOP_ANALYSIS = YES;
				CLANG_WARN_STRICT_PROTOTYPES = YES;
				CLANG_WARN_SUSPICIOUS_MOVE = YES;
				CLANG_WARN_UNGUARDED_AVAILABILITY = YES_AGGRESSIVE;
				CLANG_WARN_UNREACHABLE_CODE = YES;
				CLANG_WARN__DUPLICATE_METHOD_MATCH = YES;
				COPY_PHASE_STRIP = NO;
				DEBUG_INFORMATION_FORMAT = "dwarf-with-dsym";
				ENABLE_NS_ASSERTIONS = NO;
				ENABLE_STRICT_OBJC_MSGSEND = YES;
				GCC_C_LANGUAGE_STANDARD = gnu11;
				GCC_NO_COMMON_BLOCKS = YES;
				GCC_WARN_64_TO_32_BIT_CONVERSION = YES;
				GCC_WARN_ABOUT_RETURN_TYPE = YES_ERROR;
				GCC_WARN_UNDECLARED_SELECTOR = YES;
				GCC_WARN_UNINITIALIZED_AUTOS = YES_AGGRESSIVE;
				GCC_WARN_UNUSED_FUNCTION = YES;
				GCC_WARN_UNUSED_VARIABLE = YES;
				IPHONEOS_DEPLOYMENT_TARGET = 14.0;
				MTL_ENABLE_DEBUG_INFO = NO;
				MTL_FAST_MATH = YES;
				SDKROOT = iphoneos;
				SWIFT_COMPILATION_MODE = wholemodule;
				SWIFT_OPTIMIZATION_LEVEL = "-O";
				VALIDATE_PRODUCT = YES;
			};
			name = Release;
		};
		CF45A3042510531B00DD11EC /* Debug */ = {
			isa = XCBuildConfiguration;
			buildSettings = {
				ASSETCATALOG_COMPILER_APPICON_NAME = AppIcon;
				ASSETCATALOG_COMPILER_GLOBAL_ACCENT_COLOR_NAME = AccentColor;
				CODE_SIGN_STYLE = Automatic;
				DEVELOPMENT_ASSET_PATHS = "\"DesignCode Tutorial/Preview Content\"";
				ENABLE_PREVIEWS = YES;
				INFOPLIST_FILE = "DesignCode Tutorial/Info.plist";
				IPHONEOS_DEPLOYMENT_TARGET = 14.0;
				LD_RUNPATH_SEARCH_PATHS = (
					"$(inherited)",
					"@executable_path/Frameworks",
				);
				PRODUCT_BUNDLE_IDENTIFIER = "me.DesignCode-Tutorial";
				PRODUCT_NAME = "$(TARGET_NAME)";
				SWIFT_VERSION = 5.0;
				TARGETED_DEVICE_FAMILY = "1,2";
			};
			name = Debug;
		};
		CF45A3052510531B00DD11EC /* Release */ = {
			isa = XCBuildConfiguration;
			buildSettings = {
				ASSETCATALOG_COMPILER_APPICON_NAME = AppIcon;
				ASSETCATALOG_COMPILER_GLOBAL_ACCENT_COLOR_NAME = AccentColor;
				CODE_SIGN_STYLE = Automatic;
				DEVELOPMENT_ASSET_PATHS = "\"DesignCode Tutorial/Preview Content\"";
				ENABLE_PREVIEWS = YES;
				INFOPLIST_FILE = "DesignCode Tutorial/Info.plist";
				IPHONEOS_DEPLOYMENT_TARGET = 14.0;
				LD_RUNPATH_SEARCH_PATHS = (
					"$(inherited)",
					"@executable_path/Frameworks",
				);
				PRODUCT_BUNDLE_IDENTIFIER = "me.DesignCode-Tutorial";
				PRODUCT_NAME = "$(TARGET_NAME)";
				SWIFT_VERSION = 5.0;
				TARGETED_DEVICE_FAMILY = "1,2";
			};
			name = Release;
		};
/* End XCBuildConfiguration section */

/* Begin XCConfigurationList section */
		CF45A2EF2510531900DD11EC /* Build configuration list for PBXProject "DesignCode Tutorial" */ = {
			isa = XCConfigurationList;
			buildConfigurations = (
				CF45A3012510531B00DD11EC /* Debug */,
				CF45A3022510531B00DD11EC /* Release */,
			);
			defaultConfigurationIsVisible = 0;
			defaultConfigurationName = Release;
		};
		CF45A3032510531B00DD11EC /* Build configuration list for PBXNativeTarget "DesignCode Tutorial" */ = {
			isa = XCConfigurationList;
			buildConfigurations = (
				CF45A3042510531B00DD11EC /* Debug */,
				CF45A3052510531B00DD11EC /* Release */,
			);
			defaultConfigurationIsVisible = 0;
			defaultConfigurationName = Release;
		};
/* End XCConfigurationList section */
	};
	rootObject = CF45A2EC2510531900DD11EC /* Project object */;
}
